DEPENDENCIES
  chef-varnish
    git: https://github.com/inviqa/chef-varnish.git
    revision: dfb4e7dd07262cde0baa781edb907f4f8ac7a880
    tag: 2.2.1
  magento2
    path: .
    metadata: true
  nginx (= 2.4.2)
  nodejs
    git: https://github.com/redguide/nodejs.git
    revision: 7898e6e658689fa8c9be30185ab98419f18c34a2
    tag: v2.4.4

GRAPH
  apache2 (5.0.1)
  apt (2.9.2)
  ark (3.1.0)
    build-essential (>= 0.0.0)
    seven_zip (>= 0.0.0)
    windows (>= 0.0.0)
  bluepill (2.4.3)
    rsyslog (>= 2.0)
  build-essential (1.4.4)
  chef-varnish (2.2.1)
    apt (>= 0.0.0)
    packagecloud (~> 0.3.0)
    yum (>= 0.0.0)
  compat_resource (12.19.0)
  config-driven-helper (2.0.0)
    apache2 (>= 1.8)
    build-essential (>= 1.4)
    database (>= 2.0)
    iptables-ng (>= 2.2)
    mysql (~> 4.0)
    nginx (< 2.4.4)
  cron (1.4.3)
  database (6.1.1)
    postgresql (>= 1.0.0)
  git (8.0.0)
    build-essential (>= 0.0.0)
    homebrew (>= 0.0.0)
  homebrew (4.2.0)
  hostsfile (2.4.6)
  iptables-ng (3.0.0)
  magento2 (1.0.1)
    chef-varnish (>= 0.0.0)
    config-driven-helper (>= 0.0.0)
    cron (~> 1.4.0)
    hostsfile (~> 2.4.6)
    nginx (>= 0.0.0)
    nodejs (>= 0.0.0)
    rbenv (>= 0.0.0)
  mysql (4.1.2)
    build-essential (~> 1.4)
    homebrew (>= 0.0.0)
    openssl (~> 1.1)
    windows (>= 0.0.0)
  nginx (2.4.2)
    apt (~> 2.2)
    bluepill (~> 2.3)
    build-essential (~> 1.4)
    ohai (~> 1.1)
    runit (~> 1.2)
    yum (~> 3.0)
    yum-epel (>= 0.0.0)
  nodejs (2.4.4)
    apt (>= 0.0.0)
    ark (>= 0.0.0)
    build-essential (>= 0.0.0)
    homebrew (>= 0.0.0)
    yum-epel (>= 0.0.0)
  ohai (1.1.12)
  openssl (1.1.0)
  packagecloud (0.3.0)
  postgresql (3.4.16)
    apt (>= 1.9.0)
    build-essential (>= 0.0.0)
    openssl (>= 0.0.0)
  rbenv (1.7.1)
    apt (>= 0.0.0)
    build-essential (>= 0.0.0)
    git (>= 0.0.0)
    ohai (>= 1.1)
  rsyslog (6.0.2)
  runit (1.8.0)
    packagecloud (>= 0.0.0)
    yum-epel (>= 0.0.0)
  seven_zip (2.0.2)
    windows (>= 1.2.2)
  windows (2.0.2)
  yum (3.13.0)
  yum-epel (2.1.2)
    compat_resource (>= 12.16.3)
